
Microsoft Visual Studio Solution File, Format Version 12.00
# Visual Studio Version 17
VisualStudioVersion = 17.4.33205.214
MinimumVisualStudioVersion = 10.0.40219.1
Project("{FAE04EC0-301F-11D3-BF4B-00C04F79EFBC}") = "Task15", "Task15\Task15.csproj", "{B3FA81B9-149B-478B-9F64-3A8EFE999291}"
EndProject
Global
	GlobalSection(SolutionConfigurationPlatforms) = preSolution
		Debug|Any CPU = Debug|Any CPU
		Release|Any CPU = Release|Any CPU
	EndGlobalSection
	GlobalSection(ProjectConfigurationPlatforms) = postSolution
		{B3FA81B9-149B-478B-9F64-3A8EFE999291}.Debug|Any CPU.ActiveCfg = Debug|Any CPU
		{B3FA81B9-149B-478B-9F64-3A8EFE999291}.Debug|Any CPU.Build.0 = Debug|Any CPU
		{B3FA81B9-149B-478B-9F64-3A8EFE999291}.Release|Any CPU.ActiveCfg = Release|Any CPU
		{B3FA81B9-149B-478B-9F64-3A8EFE999291}.Release|Any CPU.Build.0 = Release|Any CPU
	EndGlobalSection
	GlobalSection(SolutionProperties) = preSolution
		HideSolutionNode = FALSE
	EndGlobalSection
	GlobalSection(ExtensibilityGlobals) = postSolution
		SolutionGuid = {30F10304-EAF9-42F0-8BA3-8E1C79A72144}
	EndGlobalSection
EndGlobal
